// !$*UTF8*$!
{
	archiveVersion = 1;
	classes = {
	};
	objectVersion = 50;
	objects = {

/* Begin PBXBuildFile section */
		E78A3E4725320A2D0010FB41 /* ViewModel.swift in Sources */ = {isa = PBXBuildFile; fileRef = E78A3E4625320A2D0010FB41 /* ViewModel.swift */; };
		E78A3E4C25320E730010FB41 /* BookImage.swift in Sources */ = {isa = PBXBuildFile; fileRef = E78A3E4B25320E730010FB41 /* BookImage.swift */; };
		E78A3E5125324B890010FB41 /* BookRow.swift in Sources */ = {isa = PBXBuildFile; fileRef = E78A3E5025324B890010FB41 /* BookRow.swift */; };
		E78A3E55253253720010FB41 /* BookListView.swift in Sources */ = {isa = PBXBuildFile; fileRef = E78A3E54253253720010FB41 /* BookListView.swift */; };
		E78A3E58253254EC0010FB41 /* NavigationLazyView.swift in Sources */ = {isa = PBXBuildFile; fileRef = E78A3E57253254EC0010FB41 /* NavigationLazyView.swift */; };
		E78A3E5C253255C50010FB41 /* BookDetailView.swift in Sources */ = {isa = PBXBuildFile; fileRef = E78A3E5B253255C50010FB41 /* BookDetailView.swift */; };
		E78A3E60253256FF0010FB41 /* BookListViewModel.swift in Sources */ = {isa = PBXBuildFile; fileRef = E78A3E5F253256FF0010FB41 /* BookListViewModel.swift */; };
		E78A3E642532585D0010FB41 /* SceneDelegate.swift in Sources */ = {isa = PBXBuildFile; fileRef = E78A3E632532585D0010FB41 /* SceneDelegate.swift */; };
		E78A3E67253258700010FB41 /* AppDelegate.swift in Sources */ = {isa = PBXBuildFile; fileRef = E78A3E66253258700010FB41 /* AppDelegate.swift */; };
		E78A3E7625327DC30010FB41 /* homoDeus.jpg in Resources */ = {isa = PBXBuildFile; fileRef = E78A3E6D25327DC20010FB41 /* homoDeus.jpg */; };
		E78A3E7725327DC30010FB41 /* ai.jpg in Resources */ = {isa = PBXBuildFile; fileRef = E78A3E6E25327DC20010FB41 /* ai.jpg */; };
		E78A3E7825327DC30010FB41 /* creativity.jpg in Resources */ = {isa = PBXBuildFile; fileRef = E78A3E6F25327DC20010FB41 /* creativity.jpg */; };
		E78A3E7925327DC30010FB41 /* fellow.jpg in Resources */ = {isa = PBXBuildFile; fileRef = E78A3E7025327DC20010FB41 /* fellow.jpg */; };
		E78A3E7A25327DC30010FB41 /* chilkoottrail.jpg in Resources */ = {isa = PBXBuildFile; fileRef = E78A3E7125327DC30010FB41 /* chilkoottrail.jpg */; };
		E78A3E7B25327DC30010FB41 /* odyssey.jpg in Resources */ = {isa = PBXBuildFile; fileRef = E78A3E7225327DC30010FB41 /* odyssey.jpg */; };
		E78A3E7C25327DC30010FB41 /* twoTowers.jpg in Resources */ = {isa = PBXBuildFile; fileRef = E78A3E7325327DC30010FB41 /* twoTowers.jpg */; };
		E78A3E7D25327DC30010FB41 /* manSearch.jpg in Resources */ = {isa = PBXBuildFile; fileRef = E78A3E7425327DC30010FB41 /* manSearch.jpg */; };
		E78A3E7E25327DC30010FB41 /* the4Hours.jpg in Resources */ = {isa = PBXBuildFile; fileRef = E78A3E7525327DC30010FB41 /* the4Hours.jpg */; };
		E78A3E8125339AF10010FB41 /* BookDetailViewModel.swift in Sources */ = {isa = PBXBuildFile; fileRef = E78A3E8025339AF10010FB41 /* BookDetailViewModel.swift */; };
		E78A3E8A2533A1A30010FB41 /* BookDetailImage.swift in Sources */ = {isa = PBXBuildFile; fileRef = E78A3E892533A1A30010FB41 /* BookDetailImage.swift */; };
		E7BAC7E825291D8C006F45F0 /* ContentView.swift in Sources */ = {isa = PBXBuildFile; fileRef = E7BAC7E725291D8C006F45F0 /* ContentView.swift */; };
		E7BAC7EA25291D91006F45F0 /* Assets.xcassets in Resources */ = {isa = PBXBuildFile; fileRef = E7BAC7E925291D91006F45F0 /* Assets.xcassets */; };
		E7BAC7ED25291D91006F45F0 /* Preview Assets.xcassets in Resources */ = {isa = PBXBuildFile; fileRef = E7BAC7EC25291D91006F45F0 /* Preview Assets.xcassets */; };
		E7BAC7F825291DFB006F45F0 /* Book.swift in Sources */ = {isa = PBXBuildFile; fileRef = E7BAC7F725291DFB006F45F0 /* Book.swift */; };
		E7BAC7FC25292329006F45F0 /* BookDetail.swift in Sources */ = {isa = PBXBuildFile; fileRef = E7BAC7FB25292329006F45F0 /* BookDetail.swift */; };
		E7BAC7FF25292360006F45F0 /* ImageStore.swift in Sources */ = {isa = PBXBuildFile; fileRef = E7BAC7FE25292360006F45F0 /* ImageStore.swift */; };
		E7BAC8022529236A006F45F0 /* Genre.swift in Sources */ = {isa = PBXBuildFile; fileRef = E7BAC8012529236A006F45F0 /* Genre.swift */; };
		E7BAC80525292374006F45F0 /* Cart.swift in Sources */ = {isa = PBXBuildFile; fileRef = E7BAC80425292374006F45F0 /* Cart.swift */; };
		E7BAC80825292411006F45F0 /* BookService.swift in Sources */ = {isa = PBXBuildFile; fileRef = E7BAC80725292411006F45F0 /* BookService.swift */; };
		E7BAC80B25292475006F45F0 /* MockBookService.swift in Sources */ = {isa = PBXBuildFile; fileRef = E7BAC80A25292475006F45F0 /* MockBookService.swift */; };
		E7EFB04D2533A42F001DF161 /* BookDetailLabel.swift in Sources */ = {isa = PBXBuildFile; fileRef = E7EFB04C2533A42F001DF161 /* BookDetailLabel.swift */; };
		E7EFB0502533A665001DF161 /* BookDetailButton.swift in Sources */ = {isa = PBXBuildFile; fileRef = E7EFB04F2533A665001DF161 /* BookDetailButton.swift */; };
		E7EFB0532533A716001DF161 /* BookReadingView.swift in Sources */ = {isa = PBXBuildFile; fileRef = E7EFB0522533A716001DF161 /* BookReadingView.swift */; };
		E7EFB0572533ADEA001DF161 /* CartButtonView.swift in Sources */ = {isa = PBXBuildFile; fileRef = E7EFB0562533ADEA001DF161 /* CartButtonView.swift */; };
		E7EFB05B2533AE26001DF161 /* CartRow.swift in Sources */ = {isa = PBXBuildFile; fileRef = E7EFB05A2533AE26001DF161 /* CartRow.swift */; };
		E7EFB05E2533AE71001DF161 /* CartViewModel.swift in Sources */ = {isa = PBXBuildFile; fileRef = E7EFB05D2533AE71001DF161 /* CartViewModel.swift */; };
		E7EFB0612533AEB0001DF161 /* CartView.swift in Sources */ = {isa = PBXBuildFile; fileRef = E7EFB0602533AEB0001DF161 /* CartView.swift */; };
/* End PBXBuildFile section */

/* Begin PBXFileReference section */
		E78A3E4625320A2D0010FB41 /* ViewModel.swift */ = {isa = PBXFileReference; lastKnownFileType = sourcecode.swift; path = ViewModel.swift; sourceTree = "<group>"; };
		E78A3E4B25320E730010FB41 /* BookImage.swift */ = {isa = PBXFileReference; lastKnownFileType = sourcecode.swift; path = BookImage.swift; sourceTree = "<group>"; };
		E78A3E5025324B890010FB41 /* BookRow.swift */ = {isa = PBXFileReference; lastKnownFileType = sourcecode.swift; path = BookRow.swift; sourceTree = "<group>"; };
		E78A3E54253253720010FB41 /* BookListView.swift */ = {isa = PBXFileReference; lastKnownFileType = sourcecode.swift; path = BookListView.swift; sourceTree = "<group>"; };
		E78A3E57253254EC0010FB41 /* NavigationLazyView.swift */ = {isa = PBXFileReference; lastKnownFileType = sourcecode.swift; path = NavigationLazyView.swift; sourceTree = "<group>"; };
		E78A3E5B253255C50010FB41 /* BookDetailView.swift */ = {isa = PBXFileReference; lastKnownFileType = sourcecode.swift; path = BookDetailView.swift; sourceTree = "<group>"; };
		E78A3E5F253256FF0010FB41 /* BookListViewModel.swift */ = {isa = PBXFileReference; lastKnownFileType = sourcecode.swift; path = BookListViewModel.swift; sourceTree = "<group>"; };
		E78A3E632532585D0010FB41 /* SceneDelegate.swift */ = {isa = PBXFileReference; lastKnownFileType = sourcecode.swift; path = SceneDelegate.swift; sourceTree = "<group>"; };
		E78A3E66253258700010FB41 /* AppDelegate.swift */ = {isa = PBXFileReference; lastKnownFileType = sourcecode.swift; path = AppDelegate.swift; sourceTree = "<group>"; };
		E78A3E6D25327DC20010FB41 /* homoDeus.jpg */ = {isa = PBXFileReference; lastKnownFileType = image.jpeg; path = homoDeus.jpg; sourceTree = "<group>"; };
		E78A3E6E25327DC20010FB41 /* ai.jpg */ = {isa = PBXFileReference; lastKnownFileType = image.jpeg; path = ai.jpg; sourceTree = "<group>"; };
		E78A3E6F25327DC20010FB41 /* creativity.jpg */ = {isa = PBXFileReference; lastKnownFileType = image.jpeg; path = creativity.jpg; sourceTree = "<group>"; };
		E78A3E7025327DC20010FB41 /* fellow.jpg */ = {isa = PBXFileReference; lastKnownFileType = image.jpeg; path = fellow.jpg; sourceTree = "<group>"; };
		E78A3E7125327DC30010FB41 /* chilkoottrail.jpg */ = {isa = PBXFileReference; lastKnownFileType = image.jpeg; path = chilkoottrail.jpg; sourceTree = "<group>"; };
		E78A3E7225327DC30010FB41 /* odyssey.jpg */ = {isa = PBXFileReference; lastKnownFileType = image.jpeg; path = odyssey.jpg; sourceTree = "<group>"; };
		E78A3E7325327DC30010FB41 /* twoTowers.jpg */ = {isa = PBXFileReference; lastKnownFileType = image.jpeg; path = twoTowers.jpg; sourceTree = "<group>"; };
		E78A3E7425327DC30010FB41 /* manSearch.jpg */ = {isa = PBXFileReference; lastKnownFileType = image.jpeg; path = manSearch.jpg; sourceTree = "<group>"; };
		E78A3E7525327DC30010FB41 /* the4Hours.jpg */ = {isa = PBXFileReference; lastKnownFileType = image.jpeg; path = the4Hours.jpg; sourceTree = "<group>"; };
		E78A3E8025339AF10010FB41 /* BookDetailViewModel.swift */ = {isa = PBXFileReference; lastKnownFileType = sourcecode.swift; path = BookDetailViewModel.swift; sourceTree = "<group>"; };
		E78A3E892533A1A30010FB41 /* BookDetailImage.swift */ = {isa = PBXFileReference; lastKnownFileType = sourcecode.swift; path = BookDetailImage.swift; sourceTree = "<group>"; };
		E7BAC7E225291D8C006F45F0 /* Booklist.app */ = {isa = PBXFileReference; explicitFileType = wrapper.application; includeInIndex = 0; path = Booklist.app; sourceTree = BUILT_PRODUCTS_DIR; };
		E7BAC7E725291D8C006F45F0 /* ContentView.swift */ = {isa = PBXFileReference; lastKnownFileType = sourcecode.swift; path = ContentView.swift; sourceTree = "<group>"; };
		E7BAC7E925291D91006F45F0 /* Assets.xcassets */ = {isa = PBXFileReference; lastKnownFileType = folder.assetcatalog; path = Assets.xcassets; sourceTree = "<group>"; };
		E7BAC7EC25291D91006F45F0 /* Preview Assets.xcassets */ = {isa = PBXFileReference; lastKnownFileType = folder.assetcatalog; path = "Preview Assets.xcassets"; sourceTree = "<group>"; };
		E7BAC7EE25291D91006F45F0 /* Info.plist */ = {isa = PBXFileReference; lastKnownFileType = text.plist.xml; path = Info.plist; sourceTree = "<group>"; };
		E7BAC7F725291DFB006F45F0 /* Book.swift */ = {isa = PBXFileReference; lastKnownFileType = sourcecode.swift; path = Book.swift; sourceTree = "<group>"; };
		E7BAC7FB25292329006F45F0 /* BookDetail.swift */ = {isa = PBXFileReference; lastKnownFileType = sourcecode.swift; path = BookDetail.swift; sourceTree = "<group>"; };
		E7BAC7FE25292360006F45F0 /* ImageStore.swift */ = {isa = PBXFileReference; lastKnownFileType = sourcecode.swift; path = ImageStore.swift; sourceTree = "<group>"; };
		E7BAC8012529236A006F45F0 /* Genre.swift */ = {isa = PBXFileReference; lastKnownFileType = sourcecode.swift; path = Genre.swift; sourceTree = "<group>"; };
		E7BAC80425292374006F45F0 /* Cart.swift */ = {isa = PBXFileReference; lastKnownFileType = sourcecode.swift; path = Cart.swift; sourceTree = "<group>"; };
		E7BAC80725292411006F45F0 /* BookService.swift */ = {isa = PBXFileReference; lastKnownFileType = sourcecode.swift; path = BookService.swift; sourceTree = "<group>"; };
		E7BAC80A25292475006F45F0 /* MockBookService.swift */ = {isa = PBXFileReference; lastKnownFileType = sourcecode.swift; path = MockBookService.swift; sourceTree = "<group>"; };
		E7EFB04C2533A42F001DF161 /* BookDetailLabel.swift */ = {isa = PBXFileReference; lastKnownFileType = sourcecode.swift; path = BookDetailLabel.swift; sourceTree = "<group>"; };
		E7EFB04F2533A665001DF161 /* BookDetailButton.swift */ = {isa = PBXFileReference; lastKnownFileType = sourcecode.swift; path = BookDetailButton.swift; sourceTree = "<group>"; };
		E7EFB0522533A716001DF161 /* BookReadingView.swift */ = {isa = PBXFileReference; lastKnownFileType = sourcecode.swift; path = BookReadingView.swift; sourceTree = "<group>"; };
		E7EFB0562533ADEA001DF161 /* CartButtonView.swift */ = {isa = PBXFileReference; lastKnownFileType = sourcecode.swift; path = CartButtonView.swift; sourceTree = "<group>"; };
		E7EFB05A2533AE26001DF161 /* CartRow.swift */ = {isa = PBXFileReference; lastKnownFileType = sourcecode.swift; path = CartRow.swift; sourceTree = "<group>"; };
		E7EFB05D2533AE71001DF161 /* CartViewModel.swift */ = {isa = PBXFileReference; lastKnownFileType = sourcecode.swift; path = CartViewModel.swift; sourceTree = "<group>"; };
		E7EFB0602533AEB0001DF161 /* CartView.swift */ = {isa = PBXFileReference; lastKnownFileType = sourcecode.swift; path = CartView.swift; sourceTree = "<group>"; };
/* End PBXFileReference section */

/* Begin PBXFrameworksBuildPhase section */
		E7BAC7DF25291D8C006F45F0 /* Frameworks */ = {
			isa = PBXFrameworksBuildPhase;
			buildActionMask = 2147483647;
			files = (
			);
			runOnlyForDeploymentPostprocessing = 0;
		};
/* End PBXFrameworksBuildPhase section */

/* Begin PBXGroup section */
		E78A3E4525320A130010FB41 /* MVVM */ = {
			isa = PBXGroup;
			children = (
				E78A3E4625320A2D0010FB41 /* ViewModel.swift */,
			);
			path = MVVM;
			sourceTree = "<group>";
		};
		E78A3E4925320D480010FB41 /* View */ = {
			isa = PBXGroup;
			children = (
				E7EFB0552533ADD3001DF161 /* Cart */,
				E78A3E5A253255A80010FB41 /* BookDetail */,
				E78A3E4F25324B6A0010FB41 /* BookList */,
				E78A3E4A25320E5F0010FB41 /* Utils */,
			);
			path = View;
			sourceTree = "<group>";
		};
		E78A3E4A25320E5F0010FB41 /* Utils */ = {
			isa = PBXGroup;
			children = (
				E78A3E4B25320E730010FB41 /* BookImage.swift */,
				E78A3E57253254EC0010FB41 /* NavigationLazyView.swift */,
				E78A3E892533A1A30010FB41 /* BookDetailImage.swift */,
			);
			path = Utils;
			sourceTree = "<group>";
		};
		E78A3E4F25324B6A0010FB41 /* BookList */ = {
			isa = PBXGroup;
			children = (
				E78A3E5025324B890010FB41 /* BookRow.swift */,
				E78A3E54253253720010FB41 /* BookListView.swift */,
				E78A3E5F253256FF0010FB41 /* BookListViewModel.swift */,
			);
			path = BookList;
			sourceTree = "<group>";
		};
		E78A3E5A253255A80010FB41 /* BookDetail */ = {
			isa = PBXGroup;
			children = (
				E78A3E5B253255C50010FB41 /* BookDetailView.swift */,
				E78A3E8025339AF10010FB41 /* BookDetailViewModel.swift */,
				E7EFB04C2533A42F001DF161 /* BookDetailLabel.swift */,
				E7EFB04F2533A665001DF161 /* BookDetailButton.swift */,
				E7EFB0522533A716001DF161 /* BookReadingView.swift */,
			);
			path = BookDetail;
			sourceTree = "<group>";
		};
		E78A3E62253258490010FB41 /* Common */ = {
			isa = PBXGroup;
			children = (
				E78A3E632532585D0010FB41 /* SceneDelegate.swift */,
				E78A3E66253258700010FB41 /* AppDelegate.swift */,
			);
			path = Common;
			sourceTree = "<group>";
		};
		E78A3E6B253262F60010FB41 /* Resources */ = {
			isa = PBXGroup;
			children = (
				E78A3E6E25327DC20010FB41 /* ai.jpg */,
				E78A3E7125327DC30010FB41 /* chilkoottrail.jpg */,
				E78A3E6F25327DC20010FB41 /* creativity.jpg */,
				E78A3E7025327DC20010FB41 /* fellow.jpg */,
				E78A3E6D25327DC20010FB41 /* homoDeus.jpg */,
				E78A3E7425327DC30010FB41 /* manSearch.jpg */,
				E78A3E7225327DC30010FB41 /* odyssey.jpg */,
				E78A3E7525327DC30010FB41 /* the4Hours.jpg */,
				E78A3E7325327DC30010FB41 /* twoTowers.jpg */,
			);
			path = Resources;
			sourceTree = "<group>";
		};
		E7BAC7D925291D8C006F45F0 = {
			isa = PBXGroup;
			children = (
				E7BAC7E425291D8C006F45F0 /* Booklist */,
				E7BAC7E325291D8C006F45F0 /* Products */,
			);
			sourceTree = "<group>";
		};
		E7BAC7E325291D8C006F45F0 /* Products */ = {
			isa = PBXGroup;
			children = (
				E7BAC7E225291D8C006F45F0 /* Booklist.app */,
			);
			name = Products;
			sourceTree = "<group>";
		};
		E7BAC7E425291D8C006F45F0 /* Booklist */ = {
			isa = PBXGroup;
			children = (
				E78A3E6B253262F60010FB41 /* Resources */,
				E78A3E62253258490010FB41 /* Common */,
				E78A3E4925320D480010FB41 /* View */,
				E78A3E4525320A130010FB41 /* MVVM */,
				E7BAC7F525291DE1006F45F0 /* Model */,
				E7BAC7E725291D8C006F45F0 /* ContentView.swift */,
				E7BAC7E925291D91006F45F0 /* Assets.xcassets */,
				E7BAC7EE25291D91006F45F0 /* Info.plist */,
				E7BAC7EB25291D91006F45F0 /* Preview Content */,
			);
			path = Booklist;
			sourceTree = "<group>";
		};
		E7BAC7EB25291D91006F45F0 /* Preview Content */ = {
			isa = PBXGroup;
			children = (
				E7BAC7EC25291D91006F45F0 /* Preview Assets.xcassets */,
			);
			path = "Preview Content";
			sourceTree = "<group>";
		};
		E7BAC7F525291DE1006F45F0 /* Model */ = {
			isa = PBXGroup;
			children = (
				E7BAC7F625291DE8006F45F0 /* Entities */,
				E7BAC80725292411006F45F0 /* BookService.swift */,
				E7BAC80A25292475006F45F0 /* MockBookService.swift */,
			);
			path = Model;
			sourceTree = "<group>";
		};
		E7BAC7F625291DE8006F45F0 /* Entities */ = {
			isa = PBXGroup;
			children = (
				E7BAC7F725291DFB006F45F0 /* Book.swift */,
				E7BAC7FB25292329006F45F0 /* BookDetail.swift */,
				E7BAC7FE25292360006F45F0 /* ImageStore.swift */,
				E7BAC8012529236A006F45F0 /* Genre.swift */,
				E7BAC80425292374006F45F0 /* Cart.swift */,
			);
			path = Entities;
			sourceTree = "<group>";
		};
		E7EFB0552533ADD3001DF161 /* Cart */ = {
			isa = PBXGroup;
			children = (
				E7EFB0562533ADEA001DF161 /* CartButtonView.swift */,
				E7EFB05A2533AE26001DF161 /* CartRow.swift */,
				E7EFB05D2533AE71001DF161 /* CartViewModel.swift */,
				E7EFB0602533AEB0001DF161 /* CartView.swift */,
			);
			path = Cart;
			sourceTree = "<group>";
		};
/* End PBXGroup section */

/* Begin PBXNativeTarget section */
		E7BAC7E125291D8C006F45F0 /* Booklist */ = {
			isa = PBXNativeTarget;
			buildConfigurationList = E7BAC7F125291D91006F45F0 /* Build configuration list for PBXNativeTarget "Booklist" */;
			buildPhases = (
				E7BAC7DE25291D8C006F45F0 /* Sources */,
				E7BAC7DF25291D8C006F45F0 /* Frameworks */,
				E7BAC7E025291D8C006F45F0 /* Resources */,
			);
			buildRules = (
			);
			dependencies = (
			);
			name = Booklist;
			productName = Booklist;
			productReference = E7BAC7E225291D8C006F45F0 /* Booklist.app */;
			productType = "com.apple.product-type.application";
		};
/* End PBXNativeTarget section */

/* Begin PBXProject section */
		E7BAC7DA25291D8C006F45F0 /* Project object */ = {
			isa = PBXProject;
			attributes = {
				LastSwiftUpdateCheck = 1200;
				LastUpgradeCheck = 1200;
				TargetAttributes = {
					E7BAC7E125291D8C006F45F0 = {
						CreatedOnToolsVersion = 12.0;
					};
				};
			};
			buildConfigurationList = E7BAC7DD25291D8C006F45F0 /* Build configuration list for PBXProject "Booklist" */;
			compatibilityVersion = "Xcode 9.3";
			developmentRegion = en;
			hasScannedForEncodings = 0;
			knownRegions = (
				en,
				Base,
			);
			mainGroup = E7BAC7D925291D8C006F45F0;
			productRefGroup = E7BAC7E325291D8C006F45F0 /* Products */;
			projectDirPath = "";
			projectRoot = "";
			targets = (
				E7BAC7E125291D8C006F45F0 /* Booklist */,
			);
		};
/* End PBXProject section */

/* Begin PBXResourcesBuildPhase section */
		E7BAC7E025291D8C006F45F0 /* Resources */ = {
			isa = PBXResourcesBuildPhase;
			buildActionMask = 2147483647;
			files = (
				E7BAC7ED25291D91006F45F0 /* Preview Assets.xcassets in Resources */,
				E78A3E7625327DC30010FB41 /* homoDeus.jpg in Resources */,
				E78A3E7E25327DC30010FB41 /* the4Hours.jpg in Resources */,
				E78A3E7B25327DC30010FB41 /* odyssey.jpg in Resources */,
				E78A3E7A25327DC30010FB41 /* chilkoottrail.jpg in Resources */,
				E78A3E7D25327DC30010FB41 /* manSearch.jpg in Resources */,
				E7BAC7EA25291D91006F45F0 /* Assets.xcassets in Resources */,
				E78A3E7825327DC30010FB41 /* creativity.jpg in Resources */,
				E78A3E7C25327DC30010FB41 /* twoTowers.jpg in Resources */,
				E78A3E7925327DC30010FB41 /* fellow.jpg in Resources */,
				E78A3E7725327DC30010FB41 /* ai.jpg in Resources */,
			);
			runOnlyForDeploymentPostprocessing = 0;
		};
/* End PBXResourcesBuildPhase section */

/* Begin PBXSourcesBuildPhase section */
		E7BAC7DE25291D8C006F45F0 /* Sources */ = {
			isa = PBXSourcesBuildPhase;
			buildActionMask = 2147483647;
			files = (
				E78A3E4725320A2D0010FB41 /* ViewModel.swift in Sources */,
				E7BAC80B25292475006F45F0 /* MockBookService.swift in Sources */,
				E7EFB0612533AEB0001DF161 /* CartView.swift in Sources */,
				E7EFB04D2533A42F001DF161 /* BookDetailLabel.swift in Sources */,
				E7EFB0572533ADEA001DF161 /* CartButtonView.swift in Sources */,
				E7BAC80825292411006F45F0 /* BookService.swift in Sources */,
				E7BAC7E825291D8C006F45F0 /* ContentView.swift in Sources */,
				E7BAC7FC25292329006F45F0 /* BookDetail.swift in Sources */,
				E78A3E60253256FF0010FB41 /* BookListViewModel.swift in Sources */,
				E78A3E4C25320E730010FB41 /* BookImage.swift in Sources */,
				E78A3E642532585D0010FB41 /* SceneDelegate.swift in Sources */,
				E7EFB05B2533AE26001DF161 /* CartRow.swift in Sources */,
				E78A3E8125339AF10010FB41 /* BookDetailViewModel.swift in Sources */,
				E78A3E5C253255C50010FB41 /* BookDetailView.swift in Sources */,
				E7BAC80525292374006F45F0 /* Cart.swift in Sources */,
				E7BAC8022529236A006F45F0 /* Genre.swift in Sources */,
				E78A3E67253258700010FB41 /* AppDelegate.swift in Sources */,
				E7EFB05E2533AE71001DF161 /* CartViewModel.swift in Sources */,
				E7EFB0502533A665001DF161 /* BookDetailButton.swift in Sources */,
				E78A3E8A2533A1A30010FB41 /* BookDetailImage.swift in Sources */,
				E7EFB0532533A716001DF161 /* BookReadingView.swift in Sources */,
				E7BAC7FF25292360006F45F0 /* ImageStore.swift in Sources */,
				E78A3E58253254EC0010FB41 /* NavigationLazyView.swift in Sources */,
				E7BAC7F825291DFB006F45F0 /* Book.swift in Sources */,
				E78A3E5125324B890010FB41 /* BookRow.swift in Sources */,
				E78A3E55253253720010FB41 /* BookListView.swift in Sources */,
			);
			runOnlyForDeploymentPostprocessing = 0;
		};
/* End PBXSourcesBuildPhase section */

/* Begin XCBuildConfiguration section */
		E7BAC7EF25291D91006F45F0 /* Debug */ = {
			isa = XCBuildConfiguration;
			buildSettings = {
				ALWAYS_SEARCH_USER_PATHS = NO;
				CLANG_ANALYZER_NONNULL = YES;
				CLANG_ANALYZER_NUMBER_OBJECT_CONVERSION = YES_AGGRESSIVE;
				CLANG_CXX_LANGUAGE_STANDARD = "gnu++14";
				CLANG_CXX_LIBRARY = "libc++";
				CLANG_ENABLE_MODULES = YES;
				CLANG_ENABLE_OBJC_ARC = YES;
				CLANG_ENABLE_OBJC_WEAK = YES;
				CLANG_WARN_BLOCK_CAPTURE_AUTORELEASING = YES;
				CLANG_WARN_BOOL_CONVERSION = YES;
				CLANG_WARN_COMMA = YES;
				CLANG_WARN_CONSTANT_CONVERSION = YES;
				CLANG_WARN_DEPRECATED_OBJC_IMPLEMENTATIONS = YES;
				CLANG_WARN_DIRECT_OBJC_ISA_USAGE = YES_ERROR;
				CLANG_WARN_DOCUMENTATION_COMMENTS = YES;
				CLANG_WARN_EMPTY_BODY = YES;
				CLANG_WARN_ENUM_CONVERSION = YES;
				CLANG_WARN_INFINITE_RECURSION = YES;
				CLANG_WARN_INT_CONVERSION = YES;
				CLANG_WARN_NON_LITERAL_NULL_CONVERSION = YES;
				CLANG_WARN_OBJC_IMPLICIT_RETAIN_SELF = YES;
				CLANG_WARN_OBJC_LITERAL_CONVERSION = YES;
				CLANG_WARN_OBJC_ROOT_CLASS = YES_ERROR;
				CLANG_WARN_QUOTED_INCLUDE_IN_FRAMEWORK_HEADER = YES;
				CLANG_WARN_RANGE_LOOP_ANALYSIS = YES;
				CLANG_WARN_STRICT_PROTOTYPES = YES;
				CLANG_WARN_SUSPICIOUS_MOVE = YES;
				CLANG_WARN_UNGUARDED_AVAILABILITY = YES_AGGRESSIVE;
				CLANG_WARN_UNREACHABLE_CODE = YES;
				CLANG_WARN__DUPLICATE_METHOD_MATCH = YES;
				COPY_PHASE_STRIP = NO;
				DEBUG_INFORMATION_FORMAT = dwarf;
				ENABLE_STRICT_OBJC_MSGSEND = YES;
				ENABLE_TESTABILITY = YES;
				GCC_C_LANGUAGE_STANDARD = gnu11;
				GCC_DYNAMIC_NO_PIC = NO;
				GCC_NO_COMMON_BLOCKS = YES;
				GCC_OPTIMIZATION_LEVEL = 0;
				GCC_PREPROCESSOR_DEFINITIONS = (
					"DEBUG=1",
					"$(inherited)",
				);
				GCC_WARN_64_TO_32_BIT_CONVERSION = YES;
				GCC_WARN_ABOUT_RETURN_TYPE = YES_ERROR;
				GCC_WARN_UNDECLARED_SELECTOR = YES;
				GCC_WARN_UNINITIALIZED_AUTOS = YES_AGGRESSIVE;
				GCC_WARN_UNUSED_FUNCTION = YES;
				GCC_WARN_UNUSED_VARIABLE = YES;
				IPHONEOS_DEPLOYMENT_TARGET = 14.0;
				MTL_ENABLE_DEBUG_INFO = INCLUDE_SOURCE;
				MTL_FAST_MATH = YES;
				ONLY_ACTIVE_ARCH = YES;
				SDKROOT = iphoneos;
				SWIFT_ACTIVE_COMPILATION_CONDITIONS = DEBUG;
				SWIFT_OPTIMIZATION_LEVEL = "-Onone";
			};
			name = Debug;
		};
		E7BAC7F025291D91006F45F0 /* Release */ = {
			isa = XCBuildConfiguration;
			buildSettings = {
				ALWAYS_SEARCH_USER_PATHS = NO;
				CLANG_ANALYZER_NONNULL = YES;
				CLANG_ANALYZER_NUMBER_OBJECT_CONVERSION = YES_AGGRESSIVE;
				CLANG_CXX_LANGUAGE_STANDARD = "gnu++14";
				CLANG_CXX_LIBRARY = "libc++";
				CLANG_ENABLE_MODULES = YES;
				CLANG_ENABLE_OBJC_ARC = YES;
				CLANG_ENABLE_OBJC_WEAK = YES;
				CLANG_WARN_BLOCK_CAPTURE_AUTORELEASING = YES;
				CLANG_WARN_BOOL_CONVERSION = YES;
				CLANG_WARN_COMMA = YES;
				CLANG_WARN_CONSTANT_CONVERSION = YES;
				CLANG_WARN_DEPRECATED_OBJC_IMPLEMENTATIONS = YES;
				CLANG_WARN_DIRECT_OBJC_ISA_USAGE = YES_ERROR;
				CLANG_WARN_DOCUMENTATION_COMMENTS = YES;
				CLANG_WARN_EMPTY_BODY = YES;
				CLANG_WARN_ENUM_CONVERSION = YES;
				CLANG_WARN_INFINITE_RECURSION = YES;
				CLANG_WARN_INT_CONVERSION = YES;
				CLANG_WARN_NON_LITERAL_NULL_CONVERSION = YES;
				CLANG_WARN_OBJC_IMPLICIT_RETAIN_SELF = YES;
				CLANG_WARN_OBJC_LITERAL_CONVERSION = YES;
				CLANG_WARN_OBJC_ROOT_CLASS = YES_ERROR;
				CLANG_WARN_QUOTED_INCLUDE_IN_FRAMEWORK_HEADER = YES;
				CLANG_WARN_RANGE_LOOP_ANALYSIS = YES;
				CLANG_WARN_STRICT_PROTOTYPES = YES;
				CLANG_WARN_SUSPICIOUS_MOVE = YES;
				CLANG_WARN_UNGUARDED_AVAILABILITY = YES_AGGRESSIVE;
				CLANG_WARN_UNREACHABLE_CODE = YES;
				CLANG_WARN__DUPLICATE_METHOD_MATCH = YES;
				COPY_PHASE_STRIP = NO;
				DEBUG_INFORMATION_FORMAT = "dwarf-with-dsym";
				ENABLE_NS_ASSERTIONS = NO;
				ENABLE_STRICT_OBJC_MSGSEND = YES;
				GCC_C_LANGUAGE_STANDARD = gnu11;
				GCC_NO_COMMON_BLOCKS = YES;
				GCC_WARN_64_TO_32_BIT_CONVERSION = YES;
				GCC_WARN_ABOUT_RETURN_TYPE = YES_ERROR;
				GCC_WARN_UNDECLARED_SELECTOR = YES;
				GCC_WARN_UNINITIALIZED_AUTOS = YES_AGGRESSIVE;
				GCC_WARN_UNUSED_FUNCTION = YES;
				GCC_WARN_UNUSED_VARIABLE = YES;
				IPHONEOS_DEPLOYMENT_TARGET = 14.0;
				MTL_ENABLE_DEBUG_INFO = NO;
				MTL_FAST_MATH = YES;
				SDKROOT = iphoneos;
				SWIFT_COMPILATION_MODE = wholemodule;
				SWIFT_OPTIMIZATION_LEVEL = "-O";
				VALIDATE_PRODUCT = YES;
			};
			name = Release;
		};
		E7BAC7F225291D91006F45F0 /* Debug */ = {
			isa = XCBuildConfiguration;
			buildSettings = {
				ASSETCATALOG_COMPILER_APPICON_NAME = AppIcon;
				ASSETCATALOG_COMPILER_GLOBAL_ACCENT_COLOR_NAME = AccentColor;
				CODE_SIGN_STYLE = Automatic;
				DEVELOPMENT_ASSET_PATHS = "\"Booklist/Preview Content\"";
				DEVELOPMENT_TEAM = ZD8U5CZ96Y;
				ENABLE_PREVIEWS = YES;
				INFOPLIST_FILE = Booklist/Info.plist;
				IPHONEOS_DEPLOYMENT_TARGET = 14.0;
				LD_RUNPATH_SEARCH_PATHS = (
					"$(inherited)",
					"@executable_path/Frameworks",
				);
				PRODUCT_BUNDLE_IDENTIFIER = marcoporcho.com.Booklist;
				PRODUCT_NAME = "$(TARGET_NAME)";
				SWIFT_VERSION = 5.0;
				TARGETED_DEVICE_FAMILY = "1,2";
			};
			name = Debug;
		};
		E7BAC7F325291D91006F45F0 /* Release */ = {
			isa = XCBuildConfiguration;
			buildSettings = {
				ASSETCATALOG_COMPILER_APPICON_NAME = AppIcon;
				ASSETCATALOG_COMPILER_GLOBAL_ACCENT_COLOR_NAME = AccentColor;
				CODE_SIGN_STYLE = Automatic;
				DEVELOPMENT_ASSET_PATHS = "\"Booklist/Preview Content\"";
				DEVELOPMENT_TEAM = ZD8U5CZ96Y;
				ENABLE_PREVIEWS = YES;
				INFOPLIST_FILE = Booklist/Info.plist;
				IPHONEOS_DEPLOYMENT_TARGET = 14.0;
				LD_RUNPATH_SEARCH_PATHS = (
					"$(inherited)",
					"@executable_path/Frameworks",
				);
				PRODUCT_BUNDLE_IDENTIFIER = marcoporcho.com.Booklist;
				PRODUCT_NAME = "$(TARGET_NAME)";
				SWIFT_VERSION = 5.0;
				TARGETED_DEVICE_FAMILY = "1,2";
			};
			name = Release;
		};
/* End XCBuildConfiguration section */

/* Begin XCConfigurationList section */
		E7BAC7DD25291D8C006F45F0 /* Build configuration list for PBXProject "Booklist" */ = {
			isa = XCConfigurationList;
			buildConfigurations = (
				E7BAC7EF25291D91006F45F0 /* Debug */,
				E7BAC7F025291D91006F45F0 /* Release */,
			);
			defaultConfigurationIsVisible = 0;
			defaultConfigurationName = Release;
		};
		E7BAC7F125291D91006F45F0 /* Build configuration list for PBXNativeTarget "Booklist" */ = {
			isa = XCConfigurationList;
			buildConfigurations = (
				E7BAC7F225291D91006F45F0 /* Debug */,
				E7BAC7F325291D91006F45F0 /* Release */,
			);
			defaultConfigurationIsVisible = 0;
			defaultConfigurationName = Release;
		};
/* End XCConfigurationList section */
	};
	rootObject = E7BAC7DA25291D8C006F45F0 /* Project object */;
}
